
Microsoft Visual Studio Solution File, Format Version 12.00
# Visual Studio Version 17
VisualStudioVersion = 17.4.33110.190
MinimumVisualStudioVersion = 10.0.40219.1
Project("{9A19103F-16F7-4668-BE54-9A1E7A4F7556}") = "Bp_back", "Bp_back\Bp_back.csproj", "{BC10A63E-5E6A-4CEB-8626-286C35EECFED}"
EndProject
Project("{9A19103F-16F7-4668-BE54-9A1E7A4F7556}") = "Bp_tcp_server", "Bp_tcp_server\Bp_tcp_server.csproj", "{1F8B8850-2E9F-4E77-86F5-2643BAB2ECC2}"
EndProject
Project("{FAE04EC0-301F-11D3-BF4B-00C04F79EFBC}") = "Bp_Hub", "Bp_Hub\Bp_Hub.csproj", "{BD8B3B39-1840-47BA-92B2-0C73B0F61B4B}"
EndProject
Global
	GlobalSection(SolutionConfigurationPlatforms) = preSolution
		Debug|Any CPU = Debug|Any CPU
		Release|Any CPU = Release|Any CPU
	EndGlobalSection
	GlobalSection(ProjectConfigurationPlatforms) = postSolution
		{BC10A63E-5E6A-4CEB-8626-286C35EECFED}.Debug|Any CPU.ActiveCfg = Debug|Any CPU
		{BC10A63E-5E6A-4CEB-8626-286C35EECFED}.Debug|Any CPU.Build.0 = Debug|Any CPU
		{BC10A63E-5E6A-4CEB-8626-286C35EECFED}.Release|Any CPU.ActiveCfg = Release|Any CPU
		{BC10A63E-5E6A-4CEB-8626-286C35EECFED}.Release|Any CPU.Build.0 = Release|Any CPU
		{1F8B8850-2E9F-4E77-86F5-2643BAB2ECC2}.Debug|Any CPU.ActiveCfg = Debug|Any CPU
		{1F8B8850-2E9F-4E77-86F5-2643BAB2ECC2}.Debug|Any CPU.Build.0 = Debug|Any CPU
		{1F8B8850-2E9F-4E77-86F5-2643BAB2ECC2}.Release|Any CPU.ActiveCfg = Release|Any CPU
		{1F8B8850-2E9F-4E77-86F5-2643BAB2ECC2}.Release|Any CPU.Build.0 = Release|Any CPU
		{BD8B3B39-1840-47BA-92B2-0C73B0F61B4B}.Debug|Any CPU.ActiveCfg = Debug|Any CPU
		{BD8B3B39-1840-47BA-92B2-0C73B0F61B4B}.Debug|Any CPU.Build.0 = Debug|Any CPU
		{BD8B3B39-1840-47BA-92B2-0C73B0F61B4B}.Release|Any CPU.ActiveCfg = Release|Any CPU
		{BD8B3B39-1840-47BA-92B2-0C73B0F61B4B}.Release|Any CPU.Build.0 = Release|Any CPU
	EndGlobalSection
	GlobalSection(SolutionProperties) = preSolution
		HideSolutionNode = FALSE
	EndGlobalSection
	GlobalSection(ExtensibilityGlobals) = postSolution
		SolutionGuid = {A3FE6A1C-E27D-4A23-88BA-295F343C3ECE}
	EndGlobalSection
EndGlobal
